
Microsoft Visual Studio Solution File, Format Version 12.00
# Visual Studio 15
VisualStudioVersion = 15.0.27004.2008
MinimumVisualStudioVersion = 10.0.40219.1
Project("{9A19103F-16F7-4668-BE54-9A1E7A4F7556}") = "aspnet-core-training", "aspnet-core-training.csproj", "{CE8FE013-49A1-43B4-884C-3052B3B8CC1C}"
EndProject
Global
	GlobalSection(SolutionConfigurationPlatforms) = preSolution
		Debug|Any CPU = Debug|Any CPU
		Release|Any CPU = Release|Any CPU
	EndGlobalSection
	GlobalSection(ProjectConfigurationPlatforms) = postSolution
		{CE8FE013-49A1-43B4-884C-3052B3B8CC1C}.Debug|Any CPU.ActiveCfg = Debug|Any CPU
		{CE8FE013-49A1-43B4-884C-3052B3B8CC1C}.Debug|Any CPU.Build.0 = Debug|Any CPU
		{CE8FE013-49A1-43B4-884C-3052B3B8CC1C}.Release|Any CPU.ActiveCfg = Release|Any CPU
		{CE8FE013-49A1-43B4-884C-3052B3B8CC1C}.Release|Any CPU.Build.0 = Release|Any CPU
	EndGlobalSection
	GlobalSection(SolutionProperties) = preSolution
		HideSolutionNode = FALSE
	EndGlobalSection
	GlobalSection(ExtensibilityGlobals) = postSolution
		SolutionGuid = {73B32DF9-36F3-4920-B37B-5D0BCFFE1C6A}
	EndGlobalSection
EndGlobal
